
Microsoft Visual Studio Solution File, Format Version 12.00
# Visual Studio Version 16
VisualStudioVersion = 16.0.30907.101
MinimumVisualStudioVersion = 10.0.40219.1
Project("{FAE04EC0-301F-11D3-BF4B-00C04F79EFBC}") = "MyList", "MyList\MyList.csproj", "{B8CB71E7-2559-48DB-A311-065BE841E450}"
EndProject
Global
	GlobalSection(SolutionConfigurationPlatforms) = preSolution
		Debug|Any CPU = Debug|Any CPU
		Release|Any CPU = Release|Any CPU
	EndGlobalSection
	GlobalSection(ProjectConfigurationPlatforms) = postSolution
		{B8CB71E7-2559-48DB-A311-065BE841E450}.Debug|Any CPU.ActiveCfg = Debug|Any CPU
		{B8CB71E7-2559-48DB-A311-065BE841E450}.Debug|Any CPU.Build.0 = Debug|Any CPU
		{B8CB71E7-2559-48DB-A311-065BE841E450}.Release|Any CPU.ActiveCfg = Release|Any CPU
		{B8CB71E7-2559-48DB-A311-065BE841E450}.Release|Any CPU.Build.0 = Release|Any CPU
	EndGlobalSection
	GlobalSection(SolutionProperties) = preSolution
		HideSolutionNode = FALSE
	EndGlobalSection
	GlobalSection(ExtensibilityGlobals) = postSolution
		SolutionGuid = {9C6A1EE7-64EA-4452-92C6-06FAA7333D30}
	EndGlobalSection
EndGlobal
